// !$*UTF8*$!
{
	archiveVersion = 1;
	classes = {
	};
	objectVersion = 55;
	objects = {

/* Begin PBXBuildFile section */
		960E4F6A4A0C73894DA88739 /* Pods_zalo_contact.framework in Frameworks */ = {isa = PBXBuildFile; fileRef = A81A57162EA4E48068C2D919 /* Pods_zalo_contact.framework */; };
		AF0BFBEE2743A071006E072B /* ContactCell.m in Sources */ = {isa = PBXBuildFile; fileRef = AF0BFBED2743A071006E072B /* ContactCell.m */; };
		AF0BFBF12743A0A6006E072B /* HeaderView.m in Sources */ = {isa = PBXBuildFile; fileRef = AF0BFBF02743A0A6006E072B /* HeaderView.m */; };
		AF0BFBF42743B971006E072B /* FriendRequestEntity.m in Sources */ = {isa = PBXBuildFile; fileRef = AF0BFBF32743B971006E072B /* FriendRequestEntity.m */; };
		AF0BFBF727456B88006E072B /* CNContactEntityAdapter.m in Sources */ = {isa = PBXBuildFile; fileRef = AF0BFBF627456B88006E072B /* CNContactEntityAdapter.m */; };
		AF0BFBFB27456EC4006E072B /* UserContacts.m in Sources */ = {isa = PBXBuildFile; fileRef = AF0BFBFA27456EC4006E072B /* UserContacts.m */; };
		AF169EC527833B9A002614C1 /* TabObjectManager.m in Sources */ = {isa = PBXBuildFile; fileRef = AF169EC427833B9A002614C1 /* TabObjectManager.m */; };
		AF24F4B92749FD7A00A71E07 /* UIColorExt.m in Sources */ = {isa = PBXBuildFile; fileRef = AF24F4B82749FD7A00A71E07 /* UIColorExt.m */; };
		AF24F4C8274C9E5900A71E07 /* ContactTableViewDataSource.m in Sources */ = {isa = PBXBuildFile; fileRef = AF24F4C7274C9E5900A71E07 /* ContactTableViewDataSource.m */; };
		AF24F4CB274DDFBD00A71E07 /* ActionHeaderView.m in Sources */ = {isa = PBXBuildFile; fileRef = AF24F4CA274DDFBD00A71E07 /* ActionHeaderView.m */; };
		AF24F4CE274DE4A900A71E07 /* CommonCell.m in Sources */ = {isa = PBXBuildFile; fileRef = AF24F4CD274DE4A900A71E07 /* CommonCell.m */; };
		AF24F4D4274E002700A71E07 /* BlankFooterView.m in Sources */ = {isa = PBXBuildFile; fileRef = AF24F4D3274E002700A71E07 /* BlankFooterView.m */; };
		AF24F4D7274F375B00A71E07 /* UIAlertControllerExt.m in Sources */ = {isa = PBXBuildFile; fileRef = AF24F4D6274F375B00A71E07 /* UIAlertControllerExt.m */; };
		AF2C5D6F275E833000DF06CF /* NSArrayExt.m in Sources */ = {isa = PBXBuildFile; fileRef = AF2C5D6E275E833000DF06CF /* NSArrayExt.m */; };
		AF2C5D72275F265000DF06CF /* ContactFooterView.m in Sources */ = {isa = PBXBuildFile; fileRef = AF2C5D71275F265000DF06CF /* ContactFooterView.m */; };
		AF368C4B27420F3800E17AEB /* AppDelegate.m in Sources */ = {isa = PBXBuildFile; fileRef = AF368C4A27420F3800E17AEB /* AppDelegate.m */; };
		AF368C4E27420F3800E17AEB /* SceneDelegate.m in Sources */ = {isa = PBXBuildFile; fileRef = AF368C4D27420F3800E17AEB /* SceneDelegate.m */; };
		AF368C5627420F3A00E17AEB /* Assets.xcassets in Resources */ = {isa = PBXBuildFile; fileRef = AF368C5527420F3A00E17AEB /* Assets.xcassets */; };
		AF368C5927420F3A00E17AEB /* LaunchScreen.storyboard in Resources */ = {isa = PBXBuildFile; fileRef = AF368C5727420F3A00E17AEB /* LaunchScreen.storyboard */; };
		AF368C5C27420F3A00E17AEB /* main.m in Sources */ = {isa = PBXBuildFile; fileRef = AF368C5B27420F3A00E17AEB /* main.m */; };
		AF36B9192767587B00B8AC56 /* short-contacts.vcf in Resources */ = {isa = PBXBuildFile; fileRef = AF36B9182767587B00B8AC56 /* short-contacts.vcf */; };
		AF36B91B2767A2AA00B8AC56 /* medium-contacts.vcf in Resources */ = {isa = PBXBuildFile; fileRef = AF36B91A2767A2AA00B8AC56 /* medium-contacts.vcf */; };
		AF36B91D2767A4FB00B8AC56 /* medium-contacts2.vcf in Resources */ = {isa = PBXBuildFile; fileRef = AF36B91C2767A4FB00B8AC56 /* medium-contacts2.vcf */; };
		AF426F5F2754DC4C004C541E /* HeaderObject.m in Sources */ = {isa = PBXBuildFile; fileRef = AF426F5E2754DC4C004C541E /* HeaderObject.m */; };
		AF426F622754DE41004C541E /* FooterObject.m in Sources */ = {isa = PBXBuildFile; fileRef = AF426F612754DE41004C541E /* FooterObject.m */; };
		AF426F672754E915004C541E /* ContactTableViewAction.m in Sources */ = {isa = PBXBuildFile; fileRef = AF426F662754E915004C541E /* ContactTableViewAction.m */; };
		AF447F6427745AEA0046C4AC /* super-short-contact.vcf in Resources */ = {isa = PBXBuildFile; fileRef = AF447F6327745AEA0046C4AC /* super-short-contact.vcf */; };
		AF447F682774E1B10046C4AC /* contactModel.xcdatamodeld in Sources */ = {isa = PBXBuildFile; fileRef = AF447F662774E1B10046C4AC /* contactModel.xcdatamodeld */; };
		AF447F6B2774E3B80046C4AC /* ContactDataManager.m in Sources */ = {isa = PBXBuildFile; fileRef = AF447F6A2774E3B80046C4AC /* ContactDataManager.m */; };
		AF447F872774ECC20046C4AC /* Contact+CoreDataClass.m in Sources */ = {isa = PBXBuildFile; fileRef = AF447F852774ECC20046C4AC /* Contact+CoreDataClass.m */; };
		AF447F882774ECC20046C4AC /* Contact+CoreDataProperties.m in Sources */ = {isa = PBXBuildFile; fileRef = AF447F862774ECC20046C4AC /* Contact+CoreDataProperties.m */; };
		AF447F8B277597630046C4AC /* CoreDataContactEntityAdapter.m in Sources */ = {isa = PBXBuildFile; fileRef = AF447F8A277597630046C4AC /* CoreDataContactEntityAdapter.m */; };
		AF447F8D27762C6C0046C4AC /* default-contacts1.vcf in Resources */ = {isa = PBXBuildFile; fileRef = AF447F8C27762C6C0046C4AC /* default-contacts1.vcf */; };
		AF447F8F27762C860046C4AC /* default-contacts2.vcf in Resources */ = {isa = PBXBuildFile; fileRef = AF447F8E27762C860046C4AC /* default-contacts2.vcf */; };
		AF471B6F2761D732004C035A /* NullFooterView.m in Sources */ = {isa = PBXBuildFile; fileRef = AF471B6E2761D732004C035A /* NullFooterView.m */; };
		AF49B64B277B19970074F230 /* TabCollectionCell.m in Sources */ = {isa = PBXBuildFile; fileRef = AF49B64A277B19970074F230 /* TabCollectionCell.m */; };
		AF5178462762FB2C00FC8BCA /* ZaloContactService+Storage.m in Sources */ = {isa = PBXBuildFile; fileRef = AF5178452762FB2C00FC8BCA /* ZaloContactService+Storage.m */; };
		AF517849276301BF00FC8BCA /* ZaloContactService+Observer.m in Sources */ = {isa = PBXBuildFile; fileRef = AF517848276301BF00FC8BCA /* ZaloContactService+Observer.m */; };
		AF548CC2277AFD4A00B37193 /* TabCellObject.m in Sources */ = {isa = PBXBuildFile; fileRef = AF548CC1277AFD4A00B37193 /* TabCellObject.m */; };
		AF632F862769A097001E88EC /* OnlineContactEntityAdapter.m in Sources */ = {isa = PBXBuildFile; fileRef = AF632F852769A097001E88EC /* OnlineContactEntityAdapter.m */; };
		AF632F8A2769A22B001E88EC /* OnlineContactEntity.m in Sources */ = {isa = PBXBuildFile; fileRef = AF632F892769A22B001E88EC /* OnlineContactEntity.m */; };
		AF632F8D2769CBDD001E88EC /* OnlineContactObject.m in Sources */ = {isa = PBXBuildFile; fileRef = AF632F8C2769CBDD001E88EC /* OnlineContactObject.m */; };
		AF63595827685A9300DFE352 /* normal-contacts2.vcf in Resources */ = {isa = PBXBuildFile; fileRef = AF63595727685A9300DFE352 /* normal-contacts2.vcf */; };
		AF63595D2768D56400DFE352 /* online-contacts.vcf in Resources */ = {isa = PBXBuildFile; fileRef = AF63595C2768D56400DFE352 /* online-contacts.vcf */; };
		AF697373276B880B0094FC4D /* short-contacts2.vcf in Resources */ = {isa = PBXBuildFile; fileRef = AF697372276B880B0094FC4D /* short-contacts2.vcf */; };
		AF697375276B893D0094FC4D /* normal-contacts3.vcf in Resources */ = {isa = PBXBuildFile; fileRef = AF697374276B893D0094FC4D /* normal-contacts3.vcf */; };
		AF718BE32782DB6B00C471E8 /* ContactTabObjectManager.m in Sources */ = {isa = PBXBuildFile; fileRef = AF718BE22782DB6B00C471E8 /* ContactTabObjectManager.m */; };
		AF718BE62782DB7600C471E8 /* OnlineTabObjectManager.m in Sources */ = {isa = PBXBuildFile; fileRef = AF718BE52782DB7600C471E8 /* OnlineTabObjectManager.m */; };
		AF718BE92782EE5400C471E8 /* ContactViewModel.m in Sources */ = {isa = PBXBuildFile; fileRef = AF718BE82782EE5400C471E8 /* ContactViewModel.m */; };
		AF8C76972771D415007710F5 /* ZaloContactService+API.m in Sources */ = {isa = PBXBuildFile; fileRef = AF8C76962771D415007710F5 /* ZaloContactService+API.m */; };
		AF8C769A2771DD5A007710F5 /* ZaloContactService+ChangeHandle.m in Sources */ = {isa = PBXBuildFile; fileRef = AF8C76992771DD5A007710F5 /* ZaloContactService+ChangeHandle.m */; };
		AF8C769D2771DEBA007710F5 /* ZaloContactService+Private.m in Sources */ = {isa = PBXBuildFile; fileRef = AF8C769C2771DEBA007710F5 /* ZaloContactService+Private.m */; };
		AF9201B52746004500E1581C /* ContactGroupEntity.m in Sources */ = {isa = PBXBuildFile; fileRef = AF9201B42746004500E1581C /* ContactGroupEntity.m */; };
		AF9201B827460EB300E1581C /* UIConstants.m in Sources */ = {isa = PBXBuildFile; fileRef = AF9201B727460EB300E1581C /* UIConstants.m */; };
		AFA2BDC9275E092200128996 /* MockAPIService.m in Sources */ = {isa = PBXBuildFile; fileRef = AFA2BDC8275E092200128996 /* MockAPIService.m */; };
		AFA2BDCD275E094300128996 /* ZaloContactService.m in Sources */ = {isa = PBXBuildFile; fileRef = AFA2BDCC275E094300128996 /* ZaloContactService.m */; };
		AFA2BDCF275E104300128996 /* super-long-contacts.vcf in Resources */ = {isa = PBXBuildFile; fileRef = AFA2BDCE275E104300128996 /* super-long-contacts.vcf */; };
		AFA2BDD2275E14A000128996 /* NSStringExt.m in Sources */ = {isa = PBXBuildFile; fileRef = AFA2BDD1275E14A000128996 /* NSStringExt.m */; };
		AFA2BDD5275E4A2700128996 /* NSObject+Debounce.m in Sources */ = {isa = PBXBuildFile; fileRef = AFA2BDD4275E4A2700128996 /* NSObject+Debounce.m */; };
		AFA2BDD8275E54E000128996 /* GCDThrottle.m in Sources */ = {isa = PBXBuildFile; fileRef = AFA2BDD7275E54E000128996 /* GCDThrottle.m */; };
		AFA3B695275F6861003B198B /* normal-contacts.vcf in Resources */ = {isa = PBXBuildFile; fileRef = AFA3B694275F6861003B198B /* normal-contacts.vcf */; };
		AFA3B6982760A960003B198B /* SwipeActionObject.m in Sources */ = {isa = PBXBuildFile; fileRef = AFA3B6972760A960003B198B /* SwipeActionObject.m */; };
		AFA3B69E2760F31C003B198B /* LabelCell.m in Sources */ = {isa = PBXBuildFile; fileRef = AFA3B69D2760F31C003B198B /* LabelCell.m */; };
		AFA3B6A12760F4F8003B198B /* LabelCellObject.m in Sources */ = {isa = PBXBuildFile; fileRef = AFA3B6A02760F4F8003B198B /* LabelCellObject.m */; };
		AFA3B6A427610218003B198B /* UpdateContactCell.m in Sources */ = {isa = PBXBuildFile; fileRef = AFA3B6A327610218003B198B /* UpdateContactCell.m */; };
		AFA3B6A727610361003B198B /* UpdateContactObject.m in Sources */ = {isa = PBXBuildFile; fileRef = AFA3B6A627610361003B198B /* UpdateContactObject.m */; };
		AFB23AC7277067FD00387801 /* ChangeFootprint.m in Sources */ = {isa = PBXBuildFile; fileRef = AFB23AC6277067FD00387801 /* ChangeFootprint.m */; };
		AFBD8568277AF1FC0031B3FF /* TabCell.m in Sources */ = {isa = PBXBuildFile; fileRef = AFBD8567277AF1FC0031B3FF /* TabCell.m */; };
		AFC3D4A82756093300FB5406 /* NullHeaderView.m in Sources */ = {isa = PBXBuildFile; fileRef = AFC3D4A72756093300FB5406 /* NullHeaderView.m */; };
		AFC3D4AE27560BFB00FB5406 /* CommonHeaderAndFooterViews.m in Sources */ = {isa = PBXBuildFile; fileRef = AFC3D4AD27560BFB00FB5406 /* CommonHeaderAndFooterViews.m */; };
		AFCDDE5727427A4E00500137 /* ContactViewController.m in Sources */ = {isa = PBXBuildFile; fileRef = AFCDDE5627427A4E00500137 /* ContactViewController.m */; };
		AFCDDE5F2742875200500137 /* ContactEntity.m in Sources */ = {isa = PBXBuildFile; fileRef = AFCDDE5E2742875200500137 /* ContactEntity.m */; };
		AFE4C9FE2755D73B00A0190F /* SectionObject.m in Sources */ = {isa = PBXBuildFile; fileRef = AFE4C9FD2755D73B00A0190F /* SectionObject.m */; };
		AFE4CA072755F45600A0190F /* HeaderFooterFactory.m in Sources */ = {isa = PBXBuildFile; fileRef = AFE4CA062755F45600A0190F /* HeaderFooterFactory.m */; };
		AFE4CA0A2755FFD900A0190F /* CommonCellObject.m in Sources */ = {isa = PBXBuildFile; fileRef = AFE4CA092755FFD900A0190F /* CommonCellObject.m */; };
		AFEB1CCA2754B670001636C6 /* CellFactory.m in Sources */ = {isa = PBXBuildFile; fileRef = AFEB1CC92754B670001636C6 /* CellFactory.m */; };
		AFEB1CCD2754B80F001636C6 /* CellObject.m in Sources */ = {isa = PBXBuildFile; fileRef = AFEB1CCC2754B80F001636C6 /* CellObject.m */; };
		AFEB1CD02754BA9F001636C6 /* ContactObject.m in Sources */ = {isa = PBXBuildFile; fileRef = AFEB1CCF2754BA9F001636C6 /* ContactObject.m */; };
/* End PBXBuildFile section */

/* Begin PBXFileReference section */
		03465D0CD09089C11F7B2E00 /* Pods-zalo-contact.release.xcconfig */ = {isa = PBXFileReference; includeInIndex = 1; lastKnownFileType = text.xcconfig; name = "Pods-zalo-contact.release.xcconfig"; path = "Target Support Files/Pods-zalo-contact/Pods-zalo-contact.release.xcconfig"; sourceTree = "<group>"; };
		38143B1D5FA31A6618846018 /* Pods-zalo-contact.debug.xcconfig */ = {isa = PBXFileReference; includeInIndex = 1; lastKnownFileType = text.xcconfig; name = "Pods-zalo-contact.debug.xcconfig"; path = "Target Support Files/Pods-zalo-contact/Pods-zalo-contact.debug.xcconfig"; sourceTree = "<group>"; };
		A81A57162EA4E48068C2D919 /* Pods_zalo_contact.framework */ = {isa = PBXFileReference; explicitFileType = wrapper.framework; includeInIndex = 0; path = Pods_zalo_contact.framework; sourceTree = BUILT_PRODUCTS_DIR; };
		AF0BFBEC2743A071006E072B /* ContactCell.h */ = {isa = PBXFileReference; lastKnownFileType = sourcecode.c.h; path = ContactCell.h; sourceTree = "<group>"; };
		AF0BFBED2743A071006E072B /* ContactCell.m */ = {isa = PBXFileReference; lastKnownFileType = sourcecode.c.objc; path = ContactCell.m; sourceTree = "<group>"; };
		AF0BFBEF2743A0A6006E072B /* HeaderView.h */ = {isa = PBXFileReference; lastKnownFileType = sourcecode.c.h; path = HeaderView.h; sourceTree = "<group>"; };
		AF0BFBF02743A0A6006E072B /* HeaderView.m */ = {isa = PBXFileReference; lastKnownFileType = sourcecode.c.objc; path = HeaderView.m; sourceTree = "<group>"; };
		AF0BFBF22743B971006E072B /* FriendRequestEntity.h */ = {isa = PBXFileReference; lastKnownFileType = sourcecode.c.h; path = FriendRequestEntity.h; sourceTree = "<group>"; };
		AF0BFBF32743B971006E072B /* FriendRequestEntity.m */ = {isa = PBXFileReference; lastKnownFileType = sourcecode.c.objc; path = FriendRequestEntity.m; sourceTree = "<group>"; };
		AF0BFBF527456B88006E072B /* CNContactEntityAdapter.h */ = {isa = PBXFileReference; lastKnownFileType = sourcecode.c.h; path = CNContactEntityAdapter.h; sourceTree = "<group>"; };
		AF0BFBF627456B88006E072B /* CNContactEntityAdapter.m */ = {isa = PBXFileReference; lastKnownFileType = sourcecode.c.objc; path = CNContactEntityAdapter.m; sourceTree = "<group>"; };
		AF0BFBF927456EC4006E072B /* UserContacts.h */ = {isa = PBXFileReference; lastKnownFileType = sourcecode.c.h; path = UserContacts.h; sourceTree = "<group>"; };
		AF0BFBFA27456EC4006E072B /* UserContacts.m */ = {isa = PBXFileReference; lastKnownFileType = sourcecode.c.objc; path = UserContacts.m; sourceTree = "<group>"; };
		AF169EC427833B9A002614C1 /* TabObjectManager.m */ = {isa = PBXFileReference; lastKnownFileType = sourcecode.c.objc; path = TabObjectManager.m; sourceTree = "<group>"; };
		AF169EC627834E20002614C1 /* ContactTableViewProtocol.h */ = {isa = PBXFileReference; lastKnownFileType = sourcecode.c.h; path = ContactTableViewProtocol.h; sourceTree = "<group>"; };
		AF24F4B72749FD7A00A71E07 /* UIColorExt.h */ = {isa = PBXFileReference; lastKnownFileType = sourcecode.c.h; path = UIColorExt.h; sourceTree = "<group>"; };
		AF24F4B82749FD7A00A71E07 /* UIColorExt.m */ = {isa = PBXFileReference; lastKnownFileType = sourcecode.c.objc; path = UIColorExt.m; sourceTree = "<group>"; };
		AF24F4C6274C9E5900A71E07 /* ContactTableViewDataSource.h */ = {isa = PBXFileReference; lastKnownFileType = sourcecode.c.h; path = ContactTableViewDataSource.h; sourceTree = "<group>"; };
		AF24F4C7274C9E5900A71E07 /* ContactTableViewDataSource.m */ = {isa = PBXFileReference; lastKnownFileType = sourcecode.c.objc; path = ContactTableViewDataSource.m; sourceTree = "<group>"; };
		AF24F4C9274DDFBD00A71E07 /* ActionHeaderView.h */ = {isa = PBXFileReference; lastKnownFileType = sourcecode.c.h; path = ActionHeaderView.h; sourceTree = "<group>"; };
		AF24F4CA274DDFBD00A71E07 /* ActionHeaderView.m */ = {isa = PBXFileReference; lastKnownFileType = sourcecode.c.objc; path = ActionHeaderView.m; sourceTree = "<group>"; };
		AF24F4CC274DE4A900A71E07 /* CommonCell.h */ = {isa = PBXFileReference; lastKnownFileType = sourcecode.c.h; path = CommonCell.h; sourceTree = "<group>"; };
		AF24F4CD274DE4A900A71E07 /* CommonCell.m */ = {isa = PBXFileReference; lastKnownFileType = sourcecode.c.objc; path = CommonCell.m; sourceTree = "<group>"; };
		AF24F4D2274E002700A71E07 /* BlankFooterView.h */ = {isa = PBXFileReference; lastKnownFileType = sourcecode.c.h; path = BlankFooterView.h; sourceTree = "<group>"; };
		AF24F4D3274E002700A71E07 /* BlankFooterView.m */ = {isa = PBXFileReference; lastKnownFileType = sourcecode.c.objc; path = BlankFooterView.m; sourceTree = "<group>"; };
		AF24F4D5274F375B00A71E07 /* UIAlertControllerExt.h */ = {isa = PBXFileReference; lastKnownFileType = sourcecode.c.h; path = UIAlertControllerExt.h; sourceTree = "<group>"; };
		AF24F4D6274F375B00A71E07 /* UIAlertControllerExt.m */ = {isa = PBXFileReference; lastKnownFileType = sourcecode.c.objc; path = UIAlertControllerExt.m; sourceTree = "<group>"; };
		AF2C5D6D275E833000DF06CF /* NSArrayExt.h */ = {isa = PBXFileReference; lastKnownFileType = sourcecode.c.h; path = NSArrayExt.h; sourceTree = "<group>"; };
		AF2C5D6E275E833000DF06CF /* NSArrayExt.m */ = {isa = PBXFileReference; lastKnownFileType = sourcecode.c.objc; path = NSArrayExt.m; sourceTree = "<group>"; };
		AF2C5D70275F265000DF06CF /* ContactFooterView.h */ = {isa = PBXFileReference; lastKnownFileType = sourcecode.c.h; path = ContactFooterView.h; sourceTree = "<group>"; };
		AF2C5D71275F265000DF06CF /* ContactFooterView.m */ = {isa = PBXFileReference; lastKnownFileType = sourcecode.c.objc; path = ContactFooterView.m; sourceTree = "<group>"; };
		AF368C4627420F3800E17AEB /* zalo-contact.app */ = {isa = PBXFileReference; explicitFileType = wrapper.application; includeInIndex = 0; path = "zalo-contact.app"; sourceTree = BUILT_PRODUCTS_DIR; };
		AF368C4927420F3800E17AEB /* AppDelegate.h */ = {isa = PBXFileReference; lastKnownFileType = sourcecode.c.h; path = AppDelegate.h; sourceTree = "<group>"; };
		AF368C4A27420F3800E17AEB /* AppDelegate.m */ = {isa = PBXFileReference; lastKnownFileType = sourcecode.c.objc; path = AppDelegate.m; sourceTree = "<group>"; };
		AF368C4C27420F3800E17AEB /* SceneDelegate.h */ = {isa = PBXFileReference; lastKnownFileType = sourcecode.c.h; path = SceneDelegate.h; sourceTree = "<group>"; };
		AF368C4D27420F3800E17AEB /* SceneDelegate.m */ = {isa = PBXFileReference; lastKnownFileType = sourcecode.c.objc; path = SceneDelegate.m; sourceTree = "<group>"; };
		AF368C5527420F3A00E17AEB /* Assets.xcassets */ = {isa = PBXFileReference; lastKnownFileType = folder.assetcatalog; name = Assets.xcassets; path = "zalo-contact/Resources/Assets.xcassets"; sourceTree = SOURCE_ROOT; };
		AF368C5827420F3A00E17AEB /* Base */ = {isa = PBXFileReference; lastKnownFileType = file.storyboard; name = Base; path = Base.lproj/LaunchScreen.storyboard; sourceTree = "<group>"; };
		AF368C5A27420F3A00E17AEB /* Info.plist */ = {isa = PBXFileReference; lastKnownFileType = text.plist.xml; path = Info.plist; sourceTree = "<group>"; };
		AF368C5B27420F3A00E17AEB /* main.m */ = {isa = PBXFileReference; lastKnownFileType = sourcecode.c.objc; path = main.m; sourceTree = "<group>"; };
		AF36B9182767587B00B8AC56 /* short-contacts.vcf */ = {isa = PBXFileReference; lastKnownFileType = text; path = "short-contacts.vcf"; sourceTree = "<group>"; };
		AF36B91A2767A2AA00B8AC56 /* medium-contacts.vcf */ = {isa = PBXFileReference; lastKnownFileType = text; path = "medium-contacts.vcf"; sourceTree = "<group>"; };
		AF36B91C2767A4FB00B8AC56 /* medium-contacts2.vcf */ = {isa = PBXFileReference; lastKnownFileType = text; path = "medium-contacts2.vcf"; sourceTree = "<group>"; };
		AF426F5D2754DC4C004C541E /* HeaderObject.h */ = {isa = PBXFileReference; lastKnownFileType = sourcecode.c.h; path = HeaderObject.h; sourceTree = "<group>"; };
		AF426F5E2754DC4C004C541E /* HeaderObject.m */ = {isa = PBXFileReference; lastKnownFileType = sourcecode.c.objc; path = HeaderObject.m; sourceTree = "<group>"; };
		AF426F602754DE41004C541E /* FooterObject.h */ = {isa = PBXFileReference; lastKnownFileType = sourcecode.c.h; path = FooterObject.h; sourceTree = "<group>"; };
		AF426F612754DE41004C541E /* FooterObject.m */ = {isa = PBXFileReference; lastKnownFileType = sourcecode.c.objc; path = FooterObject.m; sourceTree = "<group>"; };
		AF426F652754E915004C541E /* ContactTableViewAction.h */ = {isa = PBXFileReference; lastKnownFileType = sourcecode.c.h; path = ContactTableViewAction.h; sourceTree = "<group>"; };
		AF426F662754E915004C541E /* ContactTableViewAction.m */ = {isa = PBXFileReference; lastKnownFileType = sourcecode.c.objc; path = ContactTableViewAction.m; sourceTree = "<group>"; };
		AF447F6327745AEA0046C4AC /* super-short-contact.vcf */ = {isa = PBXFileReference; lastKnownFileType = text; path = "super-short-contact.vcf"; sourceTree = "<group>"; };
		AF447F672774E1B10046C4AC /* contactModel.xcdatamodel */ = {isa = PBXFileReference; lastKnownFileType = wrapper.xcdatamodel; path = contactModel.xcdatamodel; sourceTree = "<group>"; };
		AF447F692774E3B80046C4AC /* ContactDataManager.h */ = {isa = PBXFileReference; lastKnownFileType = sourcecode.c.h; path = ContactDataManager.h; sourceTree = "<group>"; };
		AF447F6A2774E3B80046C4AC /* ContactDataManager.m */ = {isa = PBXFileReference; lastKnownFileType = sourcecode.c.objc; path = ContactDataManager.m; sourceTree = "<group>"; };
		AF447F832774ECC20046C4AC /* Contact+CoreDataProperties.h */ = {isa = PBXFileReference; lastKnownFileType = sourcecode.c.h; path = "Contact+CoreDataProperties.h"; sourceTree = SOURCE_ROOT; };
		AF447F842774ECC20046C4AC /* Contact+CoreDataClass.h */ = {isa = PBXFileReference; lastKnownFileType = sourcecode.c.h; path = "Contact+CoreDataClass.h"; sourceTree = SOURCE_ROOT; };
		AF447F852774ECC20046C4AC /* Contact+CoreDataClass.m */ = {isa = PBXFileReference; lastKnownFileType = sourcecode.c.objc; path = "Contact+CoreDataClass.m"; sourceTree = SOURCE_ROOT; };
		AF447F862774ECC20046C4AC /* Contact+CoreDataProperties.m */ = {isa = PBXFileReference; lastKnownFileType = sourcecode.c.objc; path = "Contact+CoreDataProperties.m"; sourceTree = SOURCE_ROOT; };
		AF447F89277597630046C4AC /* CoreDataContactEntityAdapter.h */ = {isa = PBXFileReference; lastKnownFileType = sourcecode.c.h; path = CoreDataContactEntityAdapter.h; sourceTree = "<group>"; };
		AF447F8A277597630046C4AC /* CoreDataContactEntityAdapter.m */ = {isa = PBXFileReference; lastKnownFileType = sourcecode.c.objc; path = CoreDataContactEntityAdapter.m; sourceTree = "<group>"; };
		AF447F8C27762C6C0046C4AC /* default-contacts1.vcf */ = {isa = PBXFileReference; lastKnownFileType = text; path = "default-contacts1.vcf"; sourceTree = "<group>"; };
		AF447F8E27762C860046C4AC /* default-contacts2.vcf */ = {isa = PBXFileReference; lastKnownFileType = text; path = "default-contacts2.vcf"; sourceTree = "<group>"; };
		AF471B6D2761D732004C035A /* NullFooterView.h */ = {isa = PBXFileReference; lastKnownFileType = sourcecode.c.h; path = NullFooterView.h; sourceTree = "<group>"; };
		AF471B6E2761D732004C035A /* NullFooterView.m */ = {isa = PBXFileReference; lastKnownFileType = sourcecode.c.objc; path = NullFooterView.m; sourceTree = "<group>"; };
		AF49B649277B19970074F230 /* TabCollectionCell.h */ = {isa = PBXFileReference; lastKnownFileType = sourcecode.c.h; path = TabCollectionCell.h; sourceTree = "<group>"; };
		AF49B64A277B19970074F230 /* TabCollectionCell.m */ = {isa = PBXFileReference; lastKnownFileType = sourcecode.c.objc; path = TabCollectionCell.m; sourceTree = "<group>"; };
		AF5178442762FB2C00FC8BCA /* ZaloContactService+Storage.h */ = {isa = PBXFileReference; lastKnownFileType = sourcecode.c.h; path = "ZaloContactService+Storage.h"; sourceTree = "<group>"; };
		AF5178452762FB2C00FC8BCA /* ZaloContactService+Storage.m */ = {isa = PBXFileReference; lastKnownFileType = sourcecode.c.objc; path = "ZaloContactService+Storage.m"; sourceTree = "<group>"; };
		AF517847276301BF00FC8BCA /* ZaloContactService+Observer.h */ = {isa = PBXFileReference; lastKnownFileType = sourcecode.c.h; path = "ZaloContactService+Observer.h"; sourceTree = "<group>"; };
		AF517848276301BF00FC8BCA /* ZaloContactService+Observer.m */ = {isa = PBXFileReference; lastKnownFileType = sourcecode.c.objc; path = "ZaloContactService+Observer.m"; sourceTree = "<group>"; };
		AF548CC0277AFD4A00B37193 /* TabCellObject.h */ = {isa = PBXFileReference; lastKnownFileType = sourcecode.c.h; path = TabCellObject.h; sourceTree = "<group>"; };
		AF548CC1277AFD4A00B37193 /* TabCellObject.m */ = {isa = PBXFileReference; lastKnownFileType = sourcecode.c.objc; path = TabCellObject.m; sourceTree = "<group>"; };
		AF632F842769A097001E88EC /* OnlineContactEntityAdapter.h */ = {isa = PBXFileReference; lastKnownFileType = sourcecode.c.h; path = OnlineContactEntityAdapter.h; sourceTree = "<group>"; };
		AF632F852769A097001E88EC /* OnlineContactEntityAdapter.m */ = {isa = PBXFileReference; lastKnownFileType = sourcecode.c.objc; path = OnlineContactEntityAdapter.m; sourceTree = "<group>"; };
		AF632F882769A22B001E88EC /* OnlineContactEntity.h */ = {isa = PBXFileReference; lastKnownFileType = sourcecode.c.h; path = OnlineContactEntity.h; sourceTree = "<group>"; };
		AF632F892769A22B001E88EC /* OnlineContactEntity.m */ = {isa = PBXFileReference; lastKnownFileType = sourcecode.c.objc; path = OnlineContactEntity.m; sourceTree = "<group>"; };
		AF632F8B2769CBDD001E88EC /* OnlineContactObject.h */ = {isa = PBXFileReference; lastKnownFileType = sourcecode.c.h; path = OnlineContactObject.h; sourceTree = "<group>"; };
		AF632F8C2769CBDD001E88EC /* OnlineContactObject.m */ = {isa = PBXFileReference; lastKnownFileType = sourcecode.c.objc; path = OnlineContactObject.m; sourceTree = "<group>"; };
		AF63595727685A9300DFE352 /* normal-contacts2.vcf */ = {isa = PBXFileReference; lastKnownFileType = text; path = "normal-contacts2.vcf"; sourceTree = "<group>"; };
		AF63595C2768D56400DFE352 /* online-contacts.vcf */ = {isa = PBXFileReference; lastKnownFileType = text; path = "online-contacts.vcf"; sourceTree = "<group>"; };
		AF697372276B880B0094FC4D /* short-contacts2.vcf */ = {isa = PBXFileReference; lastKnownFileType = text; path = "short-contacts2.vcf"; sourceTree = "<group>"; };
		AF697374276B893D0094FC4D /* normal-contacts3.vcf */ = {isa = PBXFileReference; lastKnownFileType = text; path = "normal-contacts3.vcf"; sourceTree = "<group>"; };
		AF718BE12782DB6B00C471E8 /* ContactTabObjectManager.h */ = {isa = PBXFileReference; lastKnownFileType = sourcecode.c.h; path = ContactTabObjectManager.h; sourceTree = "<group>"; };
		AF718BE22782DB6B00C471E8 /* ContactTabObjectManager.m */ = {isa = PBXFileReference; lastKnownFileType = sourcecode.c.objc; path = ContactTabObjectManager.m; sourceTree = "<group>"; };
		AF718BE42782DB7600C471E8 /* OnlineTabObjectManager.h */ = {isa = PBXFileReference; lastKnownFileType = sourcecode.c.h; path = OnlineTabObjectManager.h; sourceTree = "<group>"; };
		AF718BE52782DB7600C471E8 /* OnlineTabObjectManager.m */ = {isa = PBXFileReference; lastKnownFileType = sourcecode.c.objc; path = OnlineTabObjectManager.m; sourceTree = "<group>"; };
		AF718BE72782EE5400C471E8 /* ContactViewModel.h */ = {isa = PBXFileReference; lastKnownFileType = sourcecode.c.h; path = ContactViewModel.h; sourceTree = "<group>"; };
		AF718BE82782EE5400C471E8 /* ContactViewModel.m */ = {isa = PBXFileReference; lastKnownFileType = sourcecode.c.objc; path = ContactViewModel.m; sourceTree = "<group>"; };
		AF718BED2782EECA00C471E8 /* TabObjectManager.h */ = {isa = PBXFileReference; lastKnownFileType = sourcecode.c.h; path = TabObjectManager.h; sourceTree = "<group>"; };
		AF718BF02782F11800C471E8 /* TabStateProtocol.h */ = {isa = PBXFileReference; lastKnownFileType = sourcecode.c.h; path = TabStateProtocol.h; sourceTree = "<group>"; };
		AF8C76952771D415007710F5 /* ZaloContactService+API.h */ = {isa = PBXFileReference; lastKnownFileType = sourcecode.c.h; path = "ZaloContactService+API.h"; sourceTree = "<group>"; };
		AF8C76962771D415007710F5 /* ZaloContactService+API.m */ = {isa = PBXFileReference; lastKnownFileType = sourcecode.c.objc; path = "ZaloContactService+API.m"; sourceTree = "<group>"; };
		AF8C76982771DD5A007710F5 /* ZaloContactService+ChangeHandle.h */ = {isa = PBXFileReference; lastKnownFileType = sourcecode.c.h; path = "ZaloContactService+ChangeHandle.h"; sourceTree = "<group>"; };
		AF8C76992771DD5A007710F5 /* ZaloContactService+ChangeHandle.m */ = {isa = PBXFileReference; lastKnownFileType = sourcecode.c.objc; path = "ZaloContactService+ChangeHandle.m"; sourceTree = "<group>"; };
		AF8C769B2771DEBA007710F5 /* ZaloContactService+Private.h */ = {isa = PBXFileReference; lastKnownFileType = sourcecode.c.h; path = "ZaloContactService+Private.h"; sourceTree = "<group>"; };
		AF8C769C2771DEBA007710F5 /* ZaloContactService+Private.m */ = {isa = PBXFileReference; lastKnownFileType = sourcecode.c.objc; path = "ZaloContactService+Private.m"; sourceTree = "<group>"; };
		AF9201B32746004500E1581C /* ContactGroupEntity.h */ = {isa = PBXFileReference; lastKnownFileType = sourcecode.c.h; path = ContactGroupEntity.h; sourceTree = "<group>"; };
		AF9201B42746004500E1581C /* ContactGroupEntity.m */ = {isa = PBXFileReference; lastKnownFileType = sourcecode.c.objc; path = ContactGroupEntity.m; sourceTree = "<group>"; };
		AF9201B627460EB300E1581C /* UIConstants.h */ = {isa = PBXFileReference; lastKnownFileType = sourcecode.c.h; path = UIConstants.h; sourceTree = "<group>"; };
		AF9201B727460EB300E1581C /* UIConstants.m */ = {isa = PBXFileReference; lastKnownFileType = sourcecode.c.objc; path = UIConstants.m; sourceTree = "<group>"; };
		AFA2BDC7275E092200128996 /* MockAPIService.h */ = {isa = PBXFileReference; lastKnownFileType = sourcecode.c.h; path = MockAPIService.h; sourceTree = "<group>"; };
		AFA2BDC8275E092200128996 /* MockAPIService.m */ = {isa = PBXFileReference; lastKnownFileType = sourcecode.c.objc; path = MockAPIService.m; sourceTree = "<group>"; };
		AFA2BDCB275E094300128996 /* ZaloContactService.h */ = {isa = PBXFileReference; lastKnownFileType = sourcecode.c.h; path = ZaloContactService.h; sourceTree = "<group>"; };
		AFA2BDCC275E094300128996 /* ZaloContactService.m */ = {isa = PBXFileReference; lastKnownFileType = sourcecode.c.objc; path = ZaloContactService.m; sourceTree = "<group>"; };
		AFA2BDCE275E104300128996 /* super-long-contacts.vcf */ = {isa = PBXFileReference; lastKnownFileType = text; path = "super-long-contacts.vcf"; sourceTree = "<group>"; };
		AFA2BDD0275E14A000128996 /* NSStringExt.h */ = {isa = PBXFileReference; lastKnownFileType = sourcecode.c.h; path = NSStringExt.h; sourceTree = "<group>"; };
		AFA2BDD1275E14A000128996 /* NSStringExt.m */ = {isa = PBXFileReference; lastKnownFileType = sourcecode.c.objc; path = NSStringExt.m; sourceTree = "<group>"; };
		AFA2BDD3275E4A2700128996 /* NSObject+Debounce.h */ = {isa = PBXFileReference; lastKnownFileType = sourcecode.c.h; path = "NSObject+Debounce.h"; sourceTree = "<group>"; };
		AFA2BDD4275E4A2700128996 /* NSObject+Debounce.m */ = {isa = PBXFileReference; lastKnownFileType = sourcecode.c.objc; path = "NSObject+Debounce.m"; sourceTree = "<group>"; };
		AFA2BDD6275E54E000128996 /* GCDThrottle.h */ = {isa = PBXFileReference; lastKnownFileType = sourcecode.c.h; path = GCDThrottle.h; sourceTree = "<group>"; };
		AFA2BDD7275E54E000128996 /* GCDThrottle.m */ = {isa = PBXFileReference; lastKnownFileType = sourcecode.c.objc; path = GCDThrottle.m; sourceTree = "<group>"; };
		AFA3B694275F6861003B198B /* normal-contacts.vcf */ = {isa = PBXFileReference; lastKnownFileType = text; path = "normal-contacts.vcf"; sourceTree = "<group>"; };
		AFA3B6962760A960003B198B /* SwipeActionObject.h */ = {isa = PBXFileReference; lastKnownFileType = sourcecode.c.h; path = SwipeActionObject.h; sourceTree = "<group>"; };
		AFA3B6972760A960003B198B /* SwipeActionObject.m */ = {isa = PBXFileReference; lastKnownFileType = sourcecode.c.objc; path = SwipeActionObject.m; sourceTree = "<group>"; };
		AFA3B69C2760F31C003B198B /* LabelCell.h */ = {isa = PBXFileReference; lastKnownFileType = sourcecode.c.h; path = LabelCell.h; sourceTree = "<group>"; };
		AFA3B69D2760F31C003B198B /* LabelCell.m */ = {isa = PBXFileReference; lastKnownFileType = sourcecode.c.objc; path = LabelCell.m; sourceTree = "<group>"; };
		AFA3B69F2760F4F8003B198B /* LabelCellObject.h */ = {isa = PBXFileReference; lastKnownFileType = sourcecode.c.h; path = LabelCellObject.h; sourceTree = "<group>"; };
		AFA3B6A02760F4F8003B198B /* LabelCellObject.m */ = {isa = PBXFileReference; lastKnownFileType = sourcecode.c.objc; path = LabelCellObject.m; sourceTree = "<group>"; };
		AFA3B6A227610218003B198B /* UpdateContactCell.h */ = {isa = PBXFileReference; lastKnownFileType = sourcecode.c.h; path = UpdateContactCell.h; sourceTree = "<group>"; };
		AFA3B6A327610218003B198B /* UpdateContactCell.m */ = {isa = PBXFileReference; lastKnownFileType = sourcecode.c.objc; path = UpdateContactCell.m; sourceTree = "<group>"; };
		AFA3B6A527610361003B198B /* UpdateContactObject.h */ = {isa = PBXFileReference; lastKnownFileType = sourcecode.c.h; path = UpdateContactObject.h; sourceTree = "<group>"; };
		AFA3B6A627610361003B198B /* UpdateContactObject.m */ = {isa = PBXFileReference; lastKnownFileType = sourcecode.c.objc; path = UpdateContactObject.m; sourceTree = "<group>"; };
		AFB23AC5277067FD00387801 /* ChangeFootprint.h */ = {isa = PBXFileReference; lastKnownFileType = sourcecode.c.h; path = ChangeFootprint.h; sourceTree = "<group>"; };
		AFB23AC6277067FD00387801 /* ChangeFootprint.m */ = {isa = PBXFileReference; lastKnownFileType = sourcecode.c.objc; path = ChangeFootprint.m; sourceTree = "<group>"; };
		AFBD8564277A40880031B3FF /* PrefixHeader.pch */ = {isa = PBXFileReference; lastKnownFileType = sourcecode.c.h; path = PrefixHeader.pch; sourceTree = "<group>"; };
		AFBD8565277A40BE0031B3FF /* CommonMacro.h */ = {isa = PBXFileReference; lastKnownFileType = sourcecode.c.h; path = CommonMacro.h; sourceTree = "<group>"; };
		AFBD8566277AF1FC0031B3FF /* TabCell.h */ = {isa = PBXFileReference; lastKnownFileType = sourcecode.c.h; path = TabCell.h; sourceTree = "<group>"; };
		AFBD8567277AF1FC0031B3FF /* TabCell.m */ = {isa = PBXFileReference; lastKnownFileType = sourcecode.c.objc; path = TabCell.m; sourceTree = "<group>"; };
		AFC3D4A62756093300FB5406 /* NullHeaderView.h */ = {isa = PBXFileReference; lastKnownFileType = sourcecode.c.h; path = NullHeaderView.h; sourceTree = "<group>"; };
		AFC3D4A72756093300FB5406 /* NullHeaderView.m */ = {isa = PBXFileReference; lastKnownFileType = sourcecode.c.objc; path = NullHeaderView.m; sourceTree = "<group>"; };
		AFC3D4AC27560BFB00FB5406 /* CommonHeaderAndFooterViews.h */ = {isa = PBXFileReference; lastKnownFileType = sourcecode.c.h; path = CommonHeaderAndFooterViews.h; sourceTree = "<group>"; };
		AFC3D4AD27560BFB00FB5406 /* CommonHeaderAndFooterViews.m */ = {isa = PBXFileReference; lastKnownFileType = sourcecode.c.objc; path = CommonHeaderAndFooterViews.m; sourceTree = "<group>"; };
		AFCDDE5527427A4E00500137 /* ContactViewController.h */ = {isa = PBXFileReference; lastKnownFileType = sourcecode.c.h; path = ContactViewController.h; sourceTree = "<group>"; };
		AFCDDE5627427A4E00500137 /* ContactViewController.m */ = {isa = PBXFileReference; lastKnownFileType = sourcecode.c.objc; path = ContactViewController.m; sourceTree = "<group>"; };
		AFCDDE5D2742875200500137 /* ContactEntity.h */ = {isa = PBXFileReference; lastKnownFileType = sourcecode.c.h; path = ContactEntity.h; sourceTree = "<group>"; };
		AFCDDE5E2742875200500137 /* ContactEntity.m */ = {isa = PBXFileReference; lastKnownFileType = sourcecode.c.objc; path = ContactEntity.m; sourceTree = "<group>"; };
		AFE4C9FC2755D73B00A0190F /* SectionObject.h */ = {isa = PBXFileReference; lastKnownFileType = sourcecode.c.h; path = SectionObject.h; sourceTree = "<group>"; };
		AFE4C9FD2755D73B00A0190F /* SectionObject.m */ = {isa = PBXFileReference; lastKnownFileType = sourcecode.c.objc; path = SectionObject.m; sourceTree = "<group>"; };
		AFE4CA052755F45600A0190F /* HeaderFooterFactory.h */ = {isa = PBXFileReference; lastKnownFileType = sourcecode.c.h; path = HeaderFooterFactory.h; sourceTree = "<group>"; };
		AFE4CA062755F45600A0190F /* HeaderFooterFactory.m */ = {isa = PBXFileReference; lastKnownFileType = sourcecode.c.objc; path = HeaderFooterFactory.m; sourceTree = "<group>"; };
		AFE4CA082755FFD900A0190F /* CommonCellObject.h */ = {isa = PBXFileReference; lastKnownFileType = sourcecode.c.h; path = CommonCellObject.h; sourceTree = "<group>"; };
		AFE4CA092755FFD900A0190F /* CommonCellObject.m */ = {isa = PBXFileReference; lastKnownFileType = sourcecode.c.objc; path = CommonCellObject.m; sourceTree = "<group>"; };
		AFEB1CC82754B670001636C6 /* CellFactory.h */ = {isa = PBXFileReference; lastKnownFileType = sourcecode.c.h; path = CellFactory.h; sourceTree = "<group>"; };
		AFEB1CC92754B670001636C6 /* CellFactory.m */ = {isa = PBXFileReference; lastKnownFileType = sourcecode.c.objc; path = CellFactory.m; sourceTree = "<group>"; };
		AFEB1CCB2754B80F001636C6 /* CellObject.h */ = {isa = PBXFileReference; lastKnownFileType = sourcecode.c.h; path = CellObject.h; sourceTree = "<group>"; };
		AFEB1CCC2754B80F001636C6 /* CellObject.m */ = {isa = PBXFileReference; lastKnownFileType = sourcecode.c.objc; path = CellObject.m; sourceTree = "<group>"; };
		AFEB1CCE2754BA9F001636C6 /* ContactObject.h */ = {isa = PBXFileReference; lastKnownFileType = sourcecode.c.h; path = ContactObject.h; sourceTree = "<group>"; };
		AFEB1CCF2754BA9F001636C6 /* ContactObject.m */ = {isa = PBXFileReference; lastKnownFileType = sourcecode.c.objc; path = ContactObject.m; sourceTree = "<group>"; };
/* End PBXFileReference section */

/* Begin PBXFrameworksBuildPhase section */
		AF368C4327420F3800E17AEB /* Frameworks */ = {
			isa = PBXFrameworksBuildPhase;
			buildActionMask = 2147483647;
			files = (
				960E4F6A4A0C73894DA88739 /* Pods_zalo_contact.framework in Frameworks */,
			);
			runOnlyForDeploymentPostprocessing = 0;
		};
/* End PBXFrameworksBuildPhase section */

/* Begin PBXGroup section */
		08315D558D0316A307F053E8 /* Pods */ = {
			isa = PBXGroup;
			children = (
				38143B1D5FA31A6618846018 /* Pods-zalo-contact.debug.xcconfig */,
				03465D0CD09089C11F7B2E00 /* Pods-zalo-contact.release.xcconfig */,
			);
			path = Pods;
			sourceTree = "<group>";
		};
		AF0BFBF827456E63006E072B /* Ultilities */ = {
			isa = PBXGroup;
			children = (
				AFBD8565277A40BE0031B3FF /* CommonMacro.h */,
				AF0BFBF927456EC4006E072B /* UserContacts.h */,
				AF0BFBFA27456EC4006E072B /* UserContacts.m */,
				AF9201B627460EB300E1581C /* UIConstants.h */,
				AF9201B727460EB300E1581C /* UIConstants.m */,
				AF24F4B72749FD7A00A71E07 /* UIColorExt.h */,
				AF24F4B82749FD7A00A71E07 /* UIColorExt.m */,
				AF24F4D5274F375B00A71E07 /* UIAlertControllerExt.h */,
				AF24F4D6274F375B00A71E07 /* UIAlertControllerExt.m */,
				AFA2BDD0275E14A000128996 /* NSStringExt.h */,
				AFA2BDD1275E14A000128996 /* NSStringExt.m */,
				AF2C5D6D275E833000DF06CF /* NSArrayExt.h */,
				AF2C5D6E275E833000DF06CF /* NSArrayExt.m */,
				AFA2BDD3275E4A2700128996 /* NSObject+Debounce.h */,
				AFA2BDD4275E4A2700128996 /* NSObject+Debounce.m */,
				AFA2BDD6275E54E000128996 /* GCDThrottle.h */,
				AFA2BDD7275E54E000128996 /* GCDThrottle.m */,
			);
			path = Ultilities;
			sourceTree = "<group>";
		};
		AF24F4D9274F3BAB00A71E07 /* HeaderFooterView */ = {
			isa = PBXGroup;
			children = (
				AF0BFBEF2743A0A6006E072B /* HeaderView.h */,
				AF0BFBF02743A0A6006E072B /* HeaderView.m */,
				AFC3D4A62756093300FB5406 /* NullHeaderView.h */,
				AFC3D4A72756093300FB5406 /* NullHeaderView.m */,
				AF24F4C9274DDFBD00A71E07 /* ActionHeaderView.h */,
				AF24F4CA274DDFBD00A71E07 /* ActionHeaderView.m */,
				AF24F4D2274E002700A71E07 /* BlankFooterView.h */,
				AF24F4D3274E002700A71E07 /* BlankFooterView.m */,
				AF2C5D70275F265000DF06CF /* ContactFooterView.h */,
				AF2C5D71275F265000DF06CF /* ContactFooterView.m */,
				AF471B6D2761D732004C035A /* NullFooterView.h */,
				AF471B6E2761D732004C035A /* NullFooterView.m */,
			);
			path = HeaderFooterView;
			sourceTree = "<group>";
		};
		AF368C3D27420F3800E17AEB = {
			isa = PBXGroup;
			children = (
				AF368C4827420F3800E17AEB /* zalo-contact */,
				AF368C4727420F3800E17AEB /* Products */,
				08315D558D0316A307F053E8 /* Pods */,
				F79D14F36C5D8279141E7A57 /* Frameworks */,
			);
			sourceTree = "<group>";
		};
		AF368C4727420F3800E17AEB /* Products */ = {
			isa = PBXGroup;
			children = (
				AF368C4627420F3800E17AEB /* zalo-contact.app */,
			);
			name = Products;
			sourceTree = "<group>";
		};
		AF368C4827420F3800E17AEB /* zalo-contact */ = {
			isa = PBXGroup;
			children = (
				AF368C5B27420F3A00E17AEB /* main.m */,
				AF368C4927420F3800E17AEB /* AppDelegate.h */,
				AF368C4A27420F3800E17AEB /* AppDelegate.m */,
				AF368C4C27420F3800E17AEB /* SceneDelegate.h */,
				AF368C4D27420F3800E17AEB /* SceneDelegate.m */,
				AFBD8564277A40880031B3FF /* PrefixHeader.pch */,
				AF447F652774E1950046C4AC /* CoreData */,
				AFA2BDC6275E08FA00128996 /* Services */,
				AF0BFBF827456E63006E072B /* Ultilities */,
				AFCDDE50274279C600500137 /* Models */,
				AFCDDE54274279FC00500137 /* Views */,
				AFCDDE59274283F100500137 /* ViewModels */,
				AFCDDE53274279EF00500137 /* ViewControllers */,
				AFCDDE51274279D700500137 /* Resources */,
			);
			path = "zalo-contact";
			sourceTree = "<group>";
		};
		AF426F632754DE91004C541E /* BaseCellObject */ = {
			isa = PBXGroup;
			children = (
				AFEB1CCB2754B80F001636C6 /* CellObject.h */,
				AFEB1CCC2754B80F001636C6 /* CellObject.m */,
				AF426F5D2754DC4C004C541E /* HeaderObject.h */,
				AF426F5E2754DC4C004C541E /* HeaderObject.m */,
				AF426F602754DE41004C541E /* FooterObject.h */,
				AF426F612754DE41004C541E /* FooterObject.m */,
				AFE4C9FC2755D73B00A0190F /* SectionObject.h */,
				AFE4C9FD2755D73B00A0190F /* SectionObject.m */,
			);
			path = BaseCellObject;
			sourceTree = "<group>";
		};
		AF426F642754DEA9004C541E /* CellObject */ = {
			isa = PBXGroup;
			children = (
				AF426F632754DE91004C541E /* BaseCellObject */,
				AFEB1CCE2754BA9F001636C6 /* ContactObject.h */,
				AFEB1CCF2754BA9F001636C6 /* ContactObject.m */,
				AF548CC0277AFD4A00B37193 /* TabCellObject.h */,
				AF548CC1277AFD4A00B37193 /* TabCellObject.m */,
				AF632F8B2769CBDD001E88EC /* OnlineContactObject.h */,
				AF632F8C2769CBDD001E88EC /* OnlineContactObject.m */,
				AFA3B6A527610361003B198B /* UpdateContactObject.h */,
				AFA3B6A627610361003B198B /* UpdateContactObject.m */,
				AFE4CA082755FFD900A0190F /* CommonCellObject.h */,
				AFE4CA092755FFD900A0190F /* CommonCellObject.m */,
				AFA3B69F2760F4F8003B198B /* LabelCellObject.h */,
				AFA3B6A02760F4F8003B198B /* LabelCellObject.m */,
				AFC3D4AC27560BFB00FB5406 /* CommonHeaderAndFooterViews.h */,
				AFC3D4AD27560BFB00FB5406 /* CommonHeaderAndFooterViews.m */,
			);
			path = CellObject;
			sourceTree = "<group>";
		};
		AF447F652774E1950046C4AC /* CoreData */ = {
			isa = PBXGroup;
			children = (
				AF447F832774ECC20046C4AC /* Contact+CoreDataProperties.h */,
				AF447F862774ECC20046C4AC /* Contact+CoreDataProperties.m */,
				AF447F842774ECC20046C4AC /* Contact+CoreDataClass.h */,
				AF447F852774ECC20046C4AC /* Contact+CoreDataClass.m */,
				AF447F662774E1B10046C4AC /* contactModel.xcdatamodeld */,
				AF447F692774E3B80046C4AC /* ContactDataManager.h */,
				AF447F6A2774E3B80046C4AC /* ContactDataManager.m */,
			);
			path = CoreData;
			sourceTree = "<group>";
		};
		AF49B648277B19700074F230 /* TabCell */ = {
			isa = PBXGroup;
			children = (
				AFBD8566277AF1FC0031B3FF /* TabCell.h */,
				AFBD8567277AF1FC0031B3FF /* TabCell.m */,
				AF49B649277B19970074F230 /* TabCollectionCell.h */,
				AF49B64A277B19970074F230 /* TabCollectionCell.m */,
			);
			path = TabCell;
			sourceTree = "<group>";
		};
		AF718BE02782D24000C471E8 /* TabDataManager */ = {
			isa = PBXGroup;
			children = (
				AF718BE12782DB6B00C471E8 /* ContactTabObjectManager.h */,
				AF718BE22782DB6B00C471E8 /* ContactTabObjectManager.m */,
				AF718BE42782DB7600C471E8 /* OnlineTabObjectManager.h */,
				AF718BE52782DB7600C471E8 /* OnlineTabObjectManager.m */,
				AF718BED2782EECA00C471E8 /* TabObjectManager.h */,
				AF169EC427833B9A002614C1 /* TabObjectManager.m */,
				AF718BF02782F11800C471E8 /* TabStateProtocol.h */,
				AF169EC627834E20002614C1 /* ContactTableViewProtocol.h */,
			);
			path = TabDataManager;
			sourceTree = "<group>";
		};
		AF9201BC2746344A00E1581C /* CellView */ = {
			isa = PBXGroup;
			children = (
				AF49B648277B19700074F230 /* TabCell */,
				AF24F4CC274DE4A900A71E07 /* CommonCell.h */,
				AF24F4CD274DE4A900A71E07 /* CommonCell.m */,
				AF0BFBEC2743A071006E072B /* ContactCell.h */,
				AF0BFBED2743A071006E072B /* ContactCell.m */,
				AFA3B69C2760F31C003B198B /* LabelCell.h */,
				AFA3B69D2760F31C003B198B /* LabelCell.m */,
				AFA3B6A227610218003B198B /* UpdateContactCell.h */,
				AFA3B6A327610218003B198B /* UpdateContactCell.m */,
			);
			path = CellView;
			sourceTree = "<group>";
		};
		AFA2BDC6275E08FA00128996 /* Services */ = {
			isa = PBXGroup;
			children = (
				AFA2BDC7275E092200128996 /* MockAPIService.h */,
				AFA2BDC8275E092200128996 /* MockAPIService.m */,
				AFE38C902771F3ED00BD0CF1 /* ZaloContactService */,
				AFE38C912771F40500BD0CF1 /* TestData */,
			);
			path = Services;
			sourceTree = "<group>";
		};
		AFCD453C2757B20A00825C0E /* ViewFactory */ = {
			isa = PBXGroup;
			children = (
				AFEB1CC82754B670001636C6 /* CellFactory.h */,
				AFEB1CC92754B670001636C6 /* CellFactory.m */,
				AFE4CA052755F45600A0190F /* HeaderFooterFactory.h */,
				AFE4CA062755F45600A0190F /* HeaderFooterFactory.m */,
			);
			path = ViewFactory;
			sourceTree = "<group>";
		};
		AFCDDE50274279C600500137 /* Models */ = {
			isa = PBXGroup;
			children = (
				AF9201B32746004500E1581C /* ContactGroupEntity.h */,
				AF9201B42746004500E1581C /* ContactGroupEntity.m */,
				AFCDDE5D2742875200500137 /* ContactEntity.h */,
				AFCDDE5E2742875200500137 /* ContactEntity.m */,
				AF632F882769A22B001E88EC /* OnlineContactEntity.h */,
				AF632F892769A22B001E88EC /* OnlineContactEntity.m */,
				AF0BFBF22743B971006E072B /* FriendRequestEntity.h */,
				AF0BFBF32743B971006E072B /* FriendRequestEntity.m */,
				AF0BFBF527456B88006E072B /* CNContactEntityAdapter.h */,
				AF0BFBF627456B88006E072B /* CNContactEntityAdapter.m */,
				AF447F89277597630046C4AC /* CoreDataContactEntityAdapter.h */,
				AF447F8A277597630046C4AC /* CoreDataContactEntityAdapter.m */,
				AF632F842769A097001E88EC /* OnlineContactEntityAdapter.h */,
				AF632F852769A097001E88EC /* OnlineContactEntityAdapter.m */,
				AFB23AC5277067FD00387801 /* ChangeFootprint.h */,
				AFB23AC6277067FD00387801 /* ChangeFootprint.m */,
			);
			path = Models;
			sourceTree = "<group>";
		};
		AFCDDE51274279D700500137 /* Resources */ = {
			isa = PBXGroup;
			children = (
				AF368C5A27420F3A00E17AEB /* Info.plist */,
				AF368C5527420F3A00E17AEB /* Assets.xcassets */,
				AF368C5727420F3A00E17AEB /* LaunchScreen.storyboard */,
			);
			path = Resources;
			sourceTree = "<group>";
		};
		AFCDDE53274279EF00500137 /* ViewControllers */ = {
			isa = PBXGroup;
			children = (
				AFCDDE5527427A4E00500137 /* ContactViewController.h */,
				AFCDDE5627427A4E00500137 /* ContactViewController.m */,
			);
			path = ViewControllers;
			sourceTree = "<group>";
		};
		AFCDDE54274279FC00500137 /* Views */ = {
			isa = PBXGroup;
			children = (
				AF24F4D9274F3BAB00A71E07 /* HeaderFooterView */,
				AF9201BC2746344A00E1581C /* CellView */,
			);
			path = Views;
			sourceTree = "<group>";
		};
		AFCDDE59274283F100500137 /* ViewModels */ = {
			isa = PBXGroup;
			children = (
				AFCD453C2757B20A00825C0E /* ViewFactory */,
				AF426F642754DEA9004C541E /* CellObject */,
				AFA3B6962760A960003B198B /* SwipeActionObject.h */,
				AFA3B6972760A960003B198B /* SwipeActionObject.m */,
				AF24F4C6274C9E5900A71E07 /* ContactTableViewDataSource.h */,
				AF24F4C7274C9E5900A71E07 /* ContactTableViewDataSource.m */,
				AF426F652754E915004C541E /* ContactTableViewAction.h */,
				AF426F662754E915004C541E /* ContactTableViewAction.m */,
				AF718BE72782EE5400C471E8 /* ContactViewModel.h */,
				AF718BE82782EE5400C471E8 /* ContactViewModel.m */,
				AF718BE02782D24000C471E8 /* TabDataManager */,
			);
			path = ViewModels;
			sourceTree = "<group>";
		};
		AFE38C902771F3ED00BD0CF1 /* ZaloContactService */ = {
			isa = PBXGroup;
			children = (
				AFA2BDCB275E094300128996 /* ZaloContactService.h */,
				AFA2BDCC275E094300128996 /* ZaloContactService.m */,
				AF8C769B2771DEBA007710F5 /* ZaloContactService+Private.h */,
				AF8C769C2771DEBA007710F5 /* ZaloContactService+Private.m */,
				AF5178442762FB2C00FC8BCA /* ZaloContactService+Storage.h */,
				AF5178452762FB2C00FC8BCA /* ZaloContactService+Storage.m */,
				AF517847276301BF00FC8BCA /* ZaloContactService+Observer.h */,
				AF517848276301BF00FC8BCA /* ZaloContactService+Observer.m */,
				AF8C76952771D415007710F5 /* ZaloContactService+API.h */,
				AF8C76962771D415007710F5 /* ZaloContactService+API.m */,
				AF8C76982771DD5A007710F5 /* ZaloContactService+ChangeHandle.h */,
				AF8C76992771DD5A007710F5 /* ZaloContactService+ChangeHandle.m */,
			);
			path = ZaloContactService;
			sourceTree = "<group>";
		};
		AFE38C912771F40500BD0CF1 /* TestData */ = {
			isa = PBXGroup;
			children = (
				AFA2BDCE275E104300128996 /* super-long-contacts.vcf */,
				AF36B9182767587B00B8AC56 /* short-contacts.vcf */,
				AF697372276B880B0094FC4D /* short-contacts2.vcf */,
				AFA3B694275F6861003B198B /* normal-contacts.vcf */,
				AF63595727685A9300DFE352 /* normal-contacts2.vcf */,
				AF697374276B893D0094FC4D /* normal-contacts3.vcf */,
				AF63595C2768D56400DFE352 /* online-contacts.vcf */,
				AF36B91A2767A2AA00B8AC56 /* medium-contacts.vcf */,
				AF36B91C2767A4FB00B8AC56 /* medium-contacts2.vcf */,
				AF447F6327745AEA0046C4AC /* super-short-contact.vcf */,
				AF447F8C27762C6C0046C4AC /* default-contacts1.vcf */,
				AF447F8E27762C860046C4AC /* default-contacts2.vcf */,
			);
			path = TestData;
			sourceTree = "<group>";
		};
		F79D14F36C5D8279141E7A57 /* Frameworks */ = {
			isa = PBXGroup;
			children = (
				A81A57162EA4E48068C2D919 /* Pods_zalo_contact.framework */,
			);
			name = Frameworks;
			sourceTree = "<group>";
		};
/* End PBXGroup section */

/* Begin PBXNativeTarget section */
		AF368C4527420F3800E17AEB /* zalo-contact */ = {
			isa = PBXNativeTarget;
			buildConfigurationList = AF368C5F27420F3A00E17AEB /* Build configuration list for PBXNativeTarget "zalo-contact" */;
			buildPhases = (
				34DEFEB0D3F4F503CD22E98A /* [CP] Check Pods Manifest.lock */,
				AF368C4227420F3800E17AEB /* Sources */,
				AF368C4327420F3800E17AEB /* Frameworks */,
				AF368C4427420F3800E17AEB /* Resources */,
				59B42A35F5B0B052F4E4A56E /* [CP] Embed Pods Frameworks */,
			);
			buildRules = (
			);
			dependencies = (
			);
			name = "zalo-contact";
			productName = "zalo-contact";
			productReference = AF368C4627420F3800E17AEB /* zalo-contact.app */;
			productType = "com.apple.product-type.application";
		};
/* End PBXNativeTarget section */

/* Begin PBXProject section */
		AF368C3E27420F3800E17AEB /* Project object */ = {
			isa = PBXProject;
			attributes = {
				BuildIndependentTargetsInParallel = 1;
				LastUpgradeCheck = 1310;
				TargetAttributes = {
					AF368C4527420F3800E17AEB = {
						CreatedOnToolsVersion = 13.1;
						LastSwiftMigration = 1310;
					};
				};
			};
			buildConfigurationList = AF368C4127420F3800E17AEB /* Build configuration list for PBXProject "zalo-contact" */;
			compatibilityVersion = "Xcode 13.0";
			developmentRegion = en;
			hasScannedForEncodings = 0;
			knownRegions = (
				en,
				Base,
			);
			mainGroup = AF368C3D27420F3800E17AEB;
			productRefGroup = AF368C4727420F3800E17AEB /* Products */;
			projectDirPath = "";
			projectRoot = "";
			targets = (
				AF368C4527420F3800E17AEB /* zalo-contact */,
			);
		};
/* End PBXProject section */

/* Begin PBXResourcesBuildPhase section */
		AF368C4427420F3800E17AEB /* Resources */ = {
			isa = PBXResourcesBuildPhase;
			buildActionMask = 2147483647;
			files = (
				AF697373276B880B0094FC4D /* short-contacts2.vcf in Resources */,
				AF36B91D2767A4FB00B8AC56 /* medium-contacts2.vcf in Resources */,
				AF36B91B2767A2AA00B8AC56 /* medium-contacts.vcf in Resources */,
				AF36B9192767587B00B8AC56 /* short-contacts.vcf in Resources */,
				AF368C5927420F3A00E17AEB /* LaunchScreen.storyboard in Resources */,
				AF447F8F27762C860046C4AC /* default-contacts2.vcf in Resources */,
				AF447F6427745AEA0046C4AC /* super-short-contact.vcf in Resources */,
				AFA3B695275F6861003B198B /* normal-contacts.vcf in Resources */,
				AF368C5627420F3A00E17AEB /* Assets.xcassets in Resources */,
				AF697375276B893D0094FC4D /* normal-contacts3.vcf in Resources */,
				AFA2BDCF275E104300128996 /* super-long-contacts.vcf in Resources */,
				AF63595827685A9300DFE352 /* normal-contacts2.vcf in Resources */,
				AF63595D2768D56400DFE352 /* online-contacts.vcf in Resources */,
				AF447F8D27762C6C0046C4AC /* default-contacts1.vcf in Resources */,
			);
			runOnlyForDeploymentPostprocessing = 0;
		};
/* End PBXResourcesBuildPhase section */

/* Begin PBXShellScriptBuildPhase section */
		34DEFEB0D3F4F503CD22E98A /* [CP] Check Pods Manifest.lock */ = {
			isa = PBXShellScriptBuildPhase;
			buildActionMask = 2147483647;
			files = (
			);
			inputFileListPaths = (
			);
			inputPaths = (
				"${PODS_PODFILE_DIR_PATH}/Podfile.lock",
				"${PODS_ROOT}/Manifest.lock",
			);
			name = "[CP] Check Pods Manifest.lock";
			outputFileListPaths = (
			);
			outputPaths = (
				"$(DERIVED_FILE_DIR)/Pods-zalo-contact-checkManifestLockResult.txt",
			);
			runOnlyForDeploymentPostprocessing = 0;
			shellPath = /bin/sh;
			shellScript = "diff \"${PODS_PODFILE_DIR_PATH}/Podfile.lock\" \"${PODS_ROOT}/Manifest.lock\" > /dev/null\nif [ $? != 0 ] ; then\n    # print error to STDERR\n    echo \"error: The sandbox is not in sync with the Podfile.lock. Run 'pod install' or update your CocoaPods installation.\" >&2\n    exit 1\nfi\n# This output is used by Xcode 'outputs' to avoid re-running this script phase.\necho \"SUCCESS\" > \"${SCRIPT_OUTPUT_FILE_0}\"\n";
			showEnvVarsInLog = 0;
		};
		59B42A35F5B0B052F4E4A56E /* [CP] Embed Pods Frameworks */ = {
			isa = PBXShellScriptBuildPhase;
			buildActionMask = 2147483647;
			files = (
			);
			inputFileListPaths = (
				"${PODS_ROOT}/Target Support Files/Pods-zalo-contact/Pods-zalo-contact-frameworks-${CONFIGURATION}-input-files.xcfilelist",
			);
			name = "[CP] Embed Pods Frameworks";
			outputFileListPaths = (
				"${PODS_ROOT}/Target Support Files/Pods-zalo-contact/Pods-zalo-contact-frameworks-${CONFIGURATION}-output-files.xcfilelist",
			);
			runOnlyForDeploymentPostprocessing = 0;
			shellPath = /bin/sh;
			shellScript = "\"${PODS_ROOT}/Target Support Files/Pods-zalo-contact/Pods-zalo-contact-frameworks.sh\"\n";
			showEnvVarsInLog = 0;
		};
/* End PBXShellScriptBuildPhase section */

/* Begin PBXSourcesBuildPhase section */
		AF368C4227420F3800E17AEB /* Sources */ = {
			isa = PBXSourcesBuildPhase;
			buildActionMask = 2147483647;
			files = (
				AF24F4B92749FD7A00A71E07 /* UIColorExt.m in Sources */,
				AF471B6F2761D732004C035A /* NullFooterView.m in Sources */,
				AF718BE92782EE5400C471E8 /* ContactViewModel.m in Sources */,
				AF2C5D72275F265000DF06CF /* ContactFooterView.m in Sources */,
				AF447F872774ECC20046C4AC /* Contact+CoreDataClass.m in Sources */,
				AF517849276301BF00FC8BCA /* ZaloContactService+Observer.m in Sources */,
				AF5178462762FB2C00FC8BCA /* ZaloContactService+Storage.m in Sources */,
				AF24F4C8274C9E5900A71E07 /* ContactTableViewDataSource.m in Sources */,
				AFB23AC7277067FD00387801 /* ChangeFootprint.m in Sources */,
				AFA2BDCD275E094300128996 /* ZaloContactService.m in Sources */,
				AF0BFBF727456B88006E072B /* CNContactEntityAdapter.m in Sources */,
				AF426F622754DE41004C541E /* FooterObject.m in Sources */,
				AF447F8B277597630046C4AC /* CoreDataContactEntityAdapter.m in Sources */,
				AF9201B827460EB300E1581C /* UIConstants.m in Sources */,
				AF24F4D7274F375B00A71E07 /* UIAlertControllerExt.m in Sources */,
				AF426F672754E915004C541E /* ContactTableViewAction.m in Sources */,
				AF169EC527833B9A002614C1 /* TabObjectManager.m in Sources */,
				AF426F5F2754DC4C004C541E /* HeaderObject.m in Sources */,
				AF718BE62782DB7600C471E8 /* OnlineTabObjectManager.m in Sources */,
				AF8C76972771D415007710F5 /* ZaloContactService+API.m in Sources */,
				AF24F4CE274DE4A900A71E07 /* CommonCell.m in Sources */,
				AFBD8568277AF1FC0031B3FF /* TabCell.m in Sources */,
				AFA3B6A12760F4F8003B198B /* LabelCellObject.m in Sources */,
				AFA2BDD8275E54E000128996 /* GCDThrottle.m in Sources */,
				AFC3D4A82756093300FB5406 /* NullHeaderView.m in Sources */,
				AFA2BDD2275E14A000128996 /* NSStringExt.m in Sources */,
				AF447F882774ECC20046C4AC /* Contact+CoreDataProperties.m in Sources */,
				AF447F682774E1B10046C4AC /* contactModel.xcdatamodeld in Sources */,
				AFE4CA072755F45600A0190F /* HeaderFooterFactory.m in Sources */,
				AFA2BDD5275E4A2700128996 /* NSObject+Debounce.m in Sources */,
				AF0BFBF42743B971006E072B /* FriendRequestEntity.m in Sources */,
				AF8C769A2771DD5A007710F5 /* ZaloContactService+ChangeHandle.m in Sources */,
				AF0BFBEE2743A071006E072B /* ContactCell.m in Sources */,
				AFA3B6982760A960003B198B /* SwipeActionObject.m in Sources */,
				AFEB1CCA2754B670001636C6 /* CellFactory.m in Sources */,
				AF0BFBF12743A0A6006E072B /* HeaderView.m in Sources */,
				AFCDDE5727427A4E00500137 /* ContactViewController.m in Sources */,
				AFA2BDC9275E092200128996 /* MockAPIService.m in Sources */,
				AF368C4B27420F3800E17AEB /* AppDelegate.m in Sources */,
				AF548CC2277AFD4A00B37193 /* TabCellObject.m in Sources */,
				AF368C5C27420F3A00E17AEB /* main.m in Sources */,
				AF718BE32782DB6B00C471E8 /* ContactTabObjectManager.m in Sources */,
				AF632F8A2769A22B001E88EC /* OnlineContactEntity.m in Sources */,
				AFCDDE5F2742875200500137 /* ContactEntity.m in Sources */,
				AF0BFBFB27456EC4006E072B /* UserContacts.m in Sources */,
				AF2C5D6F275E833000DF06CF /* NSArrayExt.m in Sources */,
				AFEB1CD02754BA9F001636C6 /* ContactObject.m in Sources */,
				AFA3B6A427610218003B198B /* UpdateContactCell.m in Sources */,
				AF447F6B2774E3B80046C4AC /* ContactDataManager.m in Sources */,
				AF24F4D4274E002700A71E07 /* BlankFooterView.m in Sources */,
				AFE4CA0A2755FFD900A0190F /* CommonCellObject.m in Sources */,
				AFE4C9FE2755D73B00A0190F /* SectionObject.m in Sources */,
				AF9201B52746004500E1581C /* ContactGroupEntity.m in Sources */,
				AF632F8D2769CBDD001E88EC /* OnlineContactObject.m in Sources */,
				AFA3B6A727610361003B198B /* UpdateContactObject.m in Sources */,
				AF24F4CB274DDFBD00A71E07 /* ActionHeaderView.m in Sources */,
				AFEB1CCD2754B80F001636C6 /* CellObject.m in Sources */,
				AF8C769D2771DEBA007710F5 /* ZaloContactService+Private.m in Sources */,
				AF368C4E27420F3800E17AEB /* SceneDelegate.m in Sources */,
				AF632F862769A097001E88EC /* OnlineContactEntityAdapter.m in Sources */,
				AF49B64B277B19970074F230 /* TabCollectionCell.m in Sources */,
				AFC3D4AE27560BFB00FB5406 /* CommonHeaderAndFooterViews.m in Sources */,
				AFA3B69E2760F31C003B198B /* LabelCell.m in Sources */,
			);
			runOnlyForDeploymentPostprocessing = 0;
		};
/* End PBXSourcesBuildPhase section */

/* Begin PBXVariantGroup section */
		AF368C5727420F3A00E17AEB /* LaunchScreen.storyboard */ = {
			isa = PBXVariantGroup;
			children = (
				AF368C5827420F3A00E17AEB /* Base */,
			);
			name = LaunchScreen.storyboard;
			sourceTree = "<group>";
		};
/* End PBXVariantGroup section */

/* Begin XCBuildConfiguration section */
		AF368C5D27420F3A00E17AEB /* Debug */ = {
			isa = XCBuildConfiguration;
			buildSettings = {
				ALWAYS_SEARCH_USER_PATHS = NO;
				CLANG_ANALYZER_NONNULL = YES;
				CLANG_ANALYZER_NUMBER_OBJECT_CONVERSION = YES_AGGRESSIVE;
				CLANG_CXX_LANGUAGE_STANDARD = "gnu++17";
				CLANG_CXX_LIBRARY = "libc++";
				CLANG_ENABLE_MODULES = YES;
				CLANG_ENABLE_OBJC_ARC = YES;
				CLANG_ENABLE_OBJC_WEAK = YES;
				CLANG_WARN_BLOCK_CAPTURE_AUTORELEASING = YES;
				CLANG_WARN_BOOL_CONVERSION = YES;
				CLANG_WARN_COMMA = YES;
				CLANG_WARN_CONSTANT_CONVERSION = YES;
				CLANG_WARN_DEPRECATED_OBJC_IMPLEMENTATIONS = YES;
				CLANG_WARN_DIRECT_OBJC_ISA_USAGE = YES_ERROR;
				CLANG_WARN_DOCUMENTATION_COMMENTS = YES;
				CLANG_WARN_EMPTY_BODY = YES;
				CLANG_WARN_ENUM_CONVERSION = YES;
				CLANG_WARN_INFINITE_RECURSION = YES;
				CLANG_WARN_INT_CONVERSION = YES;
				CLANG_WARN_NON_LITERAL_NULL_CONVERSION = YES;
				CLANG_WARN_OBJC_IMPLICIT_RETAIN_SELF = YES;
				CLANG_WARN_OBJC_LITERAL_CONVERSION = YES;
				CLANG_WARN_OBJC_ROOT_CLASS = YES_ERROR;
				CLANG_WARN_QUOTED_INCLUDE_IN_FRAMEWORK_HEADER = YES;
				CLANG_WARN_RANGE_LOOP_ANALYSIS = YES;
				CLANG_WARN_STRICT_PROTOTYPES = YES;
				CLANG_WARN_SUSPICIOUS_MOVE = YES;
				CLANG_WARN_UNGUARDED_AVAILABILITY = YES_AGGRESSIVE;
				CLANG_WARN_UNREACHABLE_CODE = YES;
				CLANG_WARN__DUPLICATE_METHOD_MATCH = YES;
				COPY_PHASE_STRIP = NO;
				DEBUG_INFORMATION_FORMAT = dwarf;
				ENABLE_STRICT_OBJC_MSGSEND = YES;
				ENABLE_TESTABILITY = YES;
				GCC_C_LANGUAGE_STANDARD = gnu11;
				GCC_DYNAMIC_NO_PIC = NO;
				GCC_NO_COMMON_BLOCKS = YES;
				GCC_OPTIMIZATION_LEVEL = 0;
				GCC_PRECOMPILE_PREFIX_HEADER = YES;
				GCC_PREFIX_HEADER = "zalo-contact/PrefixHeader.pch";
				GCC_PREPROCESSOR_DEFINITIONS = (
					"DEBUG=1",
					"$(inherited)",
				);
				GCC_WARN_64_TO_32_BIT_CONVERSION = YES;
				GCC_WARN_ABOUT_RETURN_TYPE = YES_ERROR;
				GCC_WARN_UNDECLARED_SELECTOR = YES;
				GCC_WARN_UNINITIALIZED_AUTOS = YES_AGGRESSIVE;
				GCC_WARN_UNUSED_FUNCTION = YES;
				GCC_WARN_UNUSED_VARIABLE = YES;
				IPHONEOS_DEPLOYMENT_TARGET = 15.0;
				MTL_ENABLE_DEBUG_INFO = INCLUDE_SOURCE;
				MTL_FAST_MATH = YES;
				ONLY_ACTIVE_ARCH = YES;
				SDKROOT = iphoneos;
			};
			name = Debug;
		};
		AF368C5E27420F3A00E17AEB /* Release */ = {
			isa = XCBuildConfiguration;
			buildSettings = {
				ALWAYS_SEARCH_USER_PATHS = NO;
				CLANG_ANALYZER_NONNULL = YES;
				CLANG_ANALYZER_NUMBER_OBJECT_CONVERSION = YES_AGGRESSIVE;
				CLANG_CXX_LANGUAGE_STANDARD = "gnu++17";
				CLANG_CXX_LIBRARY = "libc++";
				CLANG_ENABLE_MODULES = YES;
				CLANG_ENABLE_OBJC_ARC = YES;
				CLANG_ENABLE_OBJC_WEAK = YES;
				CLANG_WARN_BLOCK_CAPTURE_AUTORELEASING = YES;
				CLANG_WARN_BOOL_CONVERSION = YES;
				CLANG_WARN_COMMA = YES;
				CLANG_WARN_CONSTANT_CONVERSION = YES;
				CLANG_WARN_DEPRECATED_OBJC_IMPLEMENTATIONS = YES;
				CLANG_WARN_DIRECT_OBJC_ISA_USAGE = YES_ERROR;
				CLANG_WARN_DOCUMENTATION_COMMENTS = YES;
				CLANG_WARN_EMPTY_BODY = YES;
				CLANG_WARN_ENUM_CONVERSION = YES;
				CLANG_WARN_INFINITE_RECURSION = YES;
				CLANG_WARN_INT_CONVERSION = YES;
				CLANG_WARN_NON_LITERAL_NULL_CONVERSION = YES;
				CLANG_WARN_OBJC_IMPLICIT_RETAIN_SELF = YES;
				CLANG_WARN_OBJC_LITERAL_CONVERSION = YES;
				CLANG_WARN_OBJC_ROOT_CLASS = YES_ERROR;
				CLANG_WARN_QUOTED_INCLUDE_IN_FRAMEWORK_HEADER = YES;
				CLANG_WARN_RANGE_LOOP_ANALYSIS = YES;
				CLANG_WARN_STRICT_PROTOTYPES = YES;
				CLANG_WARN_SUSPICIOUS_MOVE = YES;
				CLANG_WARN_UNGUARDED_AVAILABILITY = YES_AGGRESSIVE;
				CLANG_WARN_UNREACHABLE_CODE = YES;
				CLANG_WARN__DUPLICATE_METHOD_MATCH = YES;
				COPY_PHASE_STRIP = NO;
				DEBUG_INFORMATION_FORMAT = "dwarf-with-dsym";
				ENABLE_NS_ASSERTIONS = NO;
				ENABLE_STRICT_OBJC_MSGSEND = YES;
				GCC_C_LANGUAGE_STANDARD = gnu11;
				GCC_NO_COMMON_BLOCKS = YES;
				GCC_PRECOMPILE_PREFIX_HEADER = YES;
				GCC_PREFIX_HEADER = "zalo-contact/PrefixHeader.pch";
				GCC_WARN_64_TO_32_BIT_CONVERSION = YES;
				GCC_WARN_ABOUT_RETURN_TYPE = YES_ERROR;
				GCC_WARN_UNDECLARED_SELECTOR = YES;
				GCC_WARN_UNINITIALIZED_AUTOS = YES_AGGRESSIVE;
				GCC_WARN_UNUSED_FUNCTION = YES;
				GCC_WARN_UNUSED_VARIABLE = YES;
				IPHONEOS_DEPLOYMENT_TARGET = 15.0;
				MTL_ENABLE_DEBUG_INFO = NO;
				MTL_FAST_MATH = YES;
				SDKROOT = iphoneos;
				VALIDATE_PRODUCT = YES;
			};
			name = Release;
		};
		AF368C6027420F3A00E17AEB /* Debug */ = {
			isa = XCBuildConfiguration;
			baseConfigurationReference = 38143B1D5FA31A6618846018 /* Pods-zalo-contact.debug.xcconfig */;
			buildSettings = {
				ASSETCATALOG_COMPILER_APPICON_NAME = AppIcon;
				ASSETCATALOG_COMPILER_GLOBAL_ACCENT_COLOR_NAME = AccentColor;
				CLANG_ENABLE_MODULES = YES;
				CODE_SIGN_STYLE = Automatic;
				CURRENT_PROJECT_VERSION = 1;
				DEVELOPMENT_TEAM = 89X4CM9ZK4;
				GCC_PRECOMPILE_PREFIX_HEADER = YES;
				GENERATE_INFOPLIST_FILE = YES;
				INFOPLIST_FILE = "zalo-contact/Resources/Info.plist";
				INFOPLIST_KEY_UIApplicationSupportsIndirectInputEvents = YES;
				INFOPLIST_KEY_UILaunchStoryboardName = LaunchScreen;
				INFOPLIST_KEY_UIMainStoryboardFile = LaunchScreen;
				INFOPLIST_KEY_UISupportedInterfaceOrientations_iPad = "UIInterfaceOrientationPortrait UIInterfaceOrientationPortraitUpsideDown UIInterfaceOrientationLandscapeLeft UIInterfaceOrientationLandscapeRight";
				INFOPLIST_KEY_UISupportedInterfaceOrientations_iPhone = "UIInterfaceOrientationPortrait UIInterfaceOrientationLandscapeLeft UIInterfaceOrientationLandscapeRight";
				LD_RUNPATH_SEARCH_PATHS = (
					"$(inherited)",
					"@executable_path/Frameworks",
				);
				MARKETING_VERSION = 1.0;
				PRODUCT_BUNDLE_IDENTIFIER = "com.vng.example.zalo-contact";
				PRODUCT_NAME = "$(TARGET_NAME)";
				SWIFT_EMIT_LOC_STRINGS = YES;
				SWIFT_OBJC_BRIDGING_HEADER = "zalo-contact/ViewModels/TabDataManager/zalo-contact-Bridging-Header.h";
				SWIFT_OPTIMIZATION_LEVEL = "-Onone";
				SWIFT_VERSION = 5.0;
				TARGETED_DEVICE_FAMILY = "1,2";
			};
			name = Debug;
		};
		AF368C6127420F3A00E17AEB /* Release */ = {
			isa = XCBuildConfiguration;
			baseConfigurationReference = 03465D0CD09089C11F7B2E00 /* Pods-zalo-contact.release.xcconfig */;
			buildSettings = {
				ASSETCATALOG_COMPILER_APPICON_NAME = AppIcon;
				ASSETCATALOG_COMPILER_GLOBAL_ACCENT_COLOR_NAME = AccentColor;
				CLANG_ENABLE_MODULES = YES;
				CODE_SIGN_STYLE = Automatic;
				CURRENT_PROJECT_VERSION = 1;
				DEVELOPMENT_TEAM = 89X4CM9ZK4;
				GCC_PRECOMPILE_PREFIX_HEADER = YES;
				GENERATE_INFOPLIST_FILE = YES;
				INFOPLIST_FILE = "zalo-contact/Resources/Info.plist";
				INFOPLIST_KEY_UIApplicationSupportsIndirectInputEvents = YES;
				INFOPLIST_KEY_UILaunchStoryboardName = LaunchScreen;
				INFOPLIST_KEY_UIMainStoryboardFile = LaunchScreen;
				INFOPLIST_KEY_UISupportedInterfaceOrientations_iPad = "UIInterfaceOrientationPortrait UIInterfaceOrientationPortraitUpsideDown UIInterfaceOrientationLandscapeLeft UIInterfaceOrientationLandscapeRight";
				INFOPLIST_KEY_UISupportedInterfaceOrientations_iPhone = "UIInterfaceOrientationPortrait UIInterfaceOrientationLandscapeLeft UIInterfaceOrientationLandscapeRight";
				LD_RUNPATH_SEARCH_PATHS = (
					"$(inherited)",
					"@executable_path/Frameworks",
				);
				MARKETING_VERSION = 1.0;
				PRODUCT_BUNDLE_IDENTIFIER = "com.vng.example.zalo-contact";
				PRODUCT_NAME = "$(TARGET_NAME)";
				SWIFT_EMIT_LOC_STRINGS = YES;
				SWIFT_OBJC_BRIDGING_HEADER = "zalo-contact/ViewModels/TabDataManager/zalo-contact-Bridging-Header.h";
				SWIFT_VERSION = 5.0;
				TARGETED_DEVICE_FAMILY = "1,2";
			};
			name = Release;
		};
/* End XCBuildConfiguration section */

/* Begin XCConfigurationList section */
		AF368C4127420F3800E17AEB /* Build configuration list for PBXProject "zalo-contact" */ = {
			isa = XCConfigurationList;
			buildConfigurations = (
				AF368C5D27420F3A00E17AEB /* Debug */,
				AF368C5E27420F3A00E17AEB /* Release */,
			);
			defaultConfigurationIsVisible = 0;
			defaultConfigurationName = Release;
		};
		AF368C5F27420F3A00E17AEB /* Build configuration list for PBXNativeTarget "zalo-contact" */ = {
			isa = XCConfigurationList;
			buildConfigurations = (
				AF368C6027420F3A00E17AEB /* Debug */,
				AF368C6127420F3A00E17AEB /* Release */,
			);
			defaultConfigurationIsVisible = 0;
			defaultConfigurationName = Release;
		};
/* End XCConfigurationList section */

/* Begin XCVersionGroup section */
		AF447F662774E1B10046C4AC /* contactModel.xcdatamodeld */ = {
			isa = XCVersionGroup;
			children = (
				AF447F672774E1B10046C4AC /* contactModel.xcdatamodel */,
			);
			currentVersion = AF447F672774E1B10046C4AC /* contactModel.xcdatamodel */;
			path = contactModel.xcdatamodeld;
			sourceTree = "<group>";
			versionGroupType = wrapper.xcdatamodel;
		};
/* End XCVersionGroup section */
	};
	rootObject = AF368C3E27420F3800E17AEB /* Project object */;
}
